
Microsoft Visual Studio Solution File, Format Version 12.00
Project("{FAE04EC0-301F-11D3-BF4B-00C04F79EFBC}") = "TemplateMethod", "TemplateMethod.csproj", "{91B78C3A-3FEE-4AA6-9033-D347C8DE637A}"
EndProject
Global
	GlobalSection(SolutionConfigurationPlatforms) = preSolution
		Debug|Any CPU = Debug|Any CPU
		Release|Any CPU = Release|Any CPU
	EndGlobalSection
	GlobalSection(ProjectConfigurationPlatforms) = postSolution
		{91B78C3A-3FEE-4AA6-9033-D347C8DE637A}.Debug|Any CPU.ActiveCfg = Debug|Any CPU
		{91B78C3A-3FEE-4AA6-9033-D347C8DE637A}.Debug|Any CPU.Build.0 = Debug|Any CPU
		{91B78C3A-3FEE-4AA6-9033-D347C8DE637A}.Release|Any CPU.ActiveCfg = Release|Any CPU
		{91B78C3A-3FEE-4AA6-9033-D347C8DE637A}.Release|Any CPU.Build.0 = Release|Any CPU
	EndGlobalSection
EndGlobal
