
Microsoft Visual Studio Solution File, Format Version 12.00
Project("{FAE04EC0-301F-11D3-BF4B-00C04F79EFBC}") = "Composite", "Composite.csproj", "{965B7061-B4C7-41DD-A3D3-3DF80D8D6245}"
EndProject
Global
	GlobalSection(SolutionConfigurationPlatforms) = preSolution
		Debug|Any CPU = Debug|Any CPU
		Release|Any CPU = Release|Any CPU
	EndGlobalSection
	GlobalSection(ProjectConfigurationPlatforms) = postSolution
		{965B7061-B4C7-41DD-A3D3-3DF80D8D6245}.Debug|Any CPU.ActiveCfg = Debug|Any CPU
		{965B7061-B4C7-41DD-A3D3-3DF80D8D6245}.Debug|Any CPU.Build.0 = Debug|Any CPU
		{965B7061-B4C7-41DD-A3D3-3DF80D8D6245}.Release|Any CPU.ActiveCfg = Release|Any CPU
		{965B7061-B4C7-41DD-A3D3-3DF80D8D6245}.Release|Any CPU.Build.0 = Release|Any CPU
	EndGlobalSection
EndGlobal
